// !$*UTF8*$!
{
	archiveVersion = 1;
	classes = {
	};
	objectVersion = 46;
	objects = {

/* Begin PBXBuildFile section */
		C2AC23E4194AA74000E63902 /* main.m in Sources */ = {isa = PBXBuildFile; fileRef = C2AC23E3194AA74000E63902 /* main.m */; };
		C2AC23E7194AA74000E63902 /* AppDelegate.m in Sources */ = {isa = PBXBuildFile; fileRef = C2AC23E6194AA74000E63902 /* AppDelegate.m */; };
		C2AC23EA194AA74000E63902 /* ViewController.m in Sources */ = {isa = PBXBuildFile; fileRef = C2AC23E9194AA74000E63902 /* ViewController.m */; };
		C2AC23ED194AA74000E63902 /* Main.storyboard in Resources */ = {isa = PBXBuildFile; fileRef = C2AC23EB194AA74000E63902 /* Main.storyboard */; };
		C2AC23EF194AA74000E63902 /* Images.xcassets in Resources */ = {isa = PBXBuildFile; fileRef = C2AC23EE194AA74000E63902 /* Images.xcassets */; };
		C2AC23FB194AA74000E63902 /* MK_CLTests.m in Sources */ = {isa = PBXBuildFile; fileRef = C2AC23FA194AA74000E63902 /* MK_CLTests.m */; };
/* End PBXBuildFile section */

/* Begin PBXContainerItemProxy section */
		C2AC23F5194AA74000E63902 /* PBXContainerItemProxy */ = {
			isa = PBXContainerItemProxy;
			containerPortal = C2AC23D6194AA74000E63902 /* Project object */;
			proxyType = 1;
			remoteGlobalIDString = C2AC23DD194AA74000E63902;
			remoteInfo = "MK&CL";
		};
/* End PBXContainerItemProxy section */

/* Begin PBXFileReference section */
		C2AC23DE194AA74000E63902 /* MK&CL.app */ = {isa = PBXFileReference; explicitFileType = wrapper.application; includeInIndex = 0; path = "MK&CL.app"; sourceTree = BUILT_PRODUCTS_DIR; };
		C2AC23E2194AA74000E63902 /* Info.plist */ = {isa = PBXFileReference; lastKnownFileType = text.plist.xml; path = Info.plist; sourceTree = "<group>"; };
		C2AC23E3194AA74000E63902 /* main.m */ = {isa = PBXFileReference; lastKnownFileType = sourcecode.c.objc; path = main.m; sourceTree = "<group>"; };
		C2AC23E5194AA74000E63902 /* AppDelegate.h */ = {isa = PBXFileReference; lastKnownFileType = sourcecode.c.h; path = AppDelegate.h; sourceTree = "<group>"; };
		C2AC23E6194AA74000E63902 /* AppDelegate.m */ = {isa = PBXFileReference; lastKnownFileType = sourcecode.c.objc; path = AppDelegate.m; sourceTree = "<group>"; };
		C2AC23E8194AA74000E63902 /* ViewController.h */ = {isa = PBXFileReference; lastKnownFileType = sourcecode.c.h; path = ViewController.h; sourceTree = "<group>"; };
		C2AC23E9194AA74000E63902 /* ViewController.m */ = {isa = PBXFileReference; lastKnownFileType = sourcecode.c.objc; path = ViewController.m; sourceTree = "<group>"; };
		C2AC23EC194AA74000E63902 /* Base */ = {isa = PBXFileReference; lastKnownFileType = file.storyboard; name = Base; path = Base.lproj/Main.storyboard; sourceTree = "<group>"; };
		C2AC23EE194AA74000E63902 /* Images.xcassets */ = {isa = PBXFileReference; lastKnownFileType = folder.assetcatalog; path = Images.xcassets; sourceTree = "<group>"; };
		C2AC23F4194AA74000E63902 /* MK&CLTests.xctest */ = {isa = PBXFileReference; explicitFileType = wrapper.cfbundle; includeInIndex = 0; path = "MK&CLTests.xctest"; sourceTree = BUILT_PRODUCTS_DIR; };
		C2AC23F9194AA74000E63902 /* Info.plist */ = {isa = PBXFileReference; lastKnownFileType = text.plist.xml; path = Info.plist; sourceTree = "<group>"; };
		C2AC23FA194AA74000E63902 /* MK_CLTests.m */ = {isa = PBXFileReference; lastKnownFileType = sourcecode.c.objc; path = MK_CLTests.m; sourceTree = "<group>"; };
/* End PBXFileReference section */

/* Begin PBXFrameworksBuildPhase section */
		C2AC23DB194AA74000E63902 /* Frameworks */ = {
			isa = PBXFrameworksBuildPhase;
			buildActionMask = 2147483647;
			files = (
			);
			runOnlyForDeploymentPostprocessing = 0;
		};
		C2AC23F1194AA74000E63902 /* Frameworks */ = {
			isa = PBXFrameworksBuildPhase;
			buildActionMask = 2147483647;
			files = (
			);
			runOnlyForDeploymentPostprocessing = 0;
		};
/* End PBXFrameworksBuildPhase section */

/* Begin PBXGroup section */
		C2AC23D5194AA74000E63902 = {
			isa = PBXGroup;
			children = (
				C2AC23E0194AA74000E63902 /* MK&CL */,
				C2AC23F7194AA74000E63902 /* MK&CLTests */,
				C2AC23DF194AA74000E63902 /* Products */,
			);
			sourceTree = "<group>";
		};
		C2AC23DF194AA74000E63902 /* Products */ = {
			isa = PBXGroup;
			children = (
				C2AC23DE194AA74000E63902 /* MK&CL.app */,
				C2AC23F4194AA74000E63902 /* MK&CLTests.xctest */,
			);
			name = Products;
			sourceTree = "<group>";
		};
		C2AC23E0194AA74000E63902 /* MK&CL */ = {
			isa = PBXGroup;
			children = (
				C2AC23E5194AA74000E63902 /* AppDelegate.h */,
				C2AC23E6194AA74000E63902 /* AppDelegate.m */,
				C2AC23E8194AA74000E63902 /* ViewController.h */,
				C2AC23E9194AA74000E63902 /* ViewController.m */,
				C2AC23EB194AA74000E63902 /* Main.storyboard */,
				C2AC23EE194AA74000E63902 /* Images.xcassets */,
				C2AC23E1194AA74000E63902 /* Supporting Files */,
			);
			path = "MK&CL";
			sourceTree = "<group>";
		};
		C2AC23E1194AA74000E63902 /* Supporting Files */ = {
			isa = PBXGroup;
			children = (
				C2AC23E2194AA74000E63902 /* Info.plist */,
				C2AC23E3194AA74000E63902 /* main.m */,
			);
			name = "Supporting Files";
			sourceTree = "<group>";
		};
		C2AC23F7194AA74000E63902 /* MK&CLTests */ = {
			isa = PBXGroup;
			children = (
				C2AC23FA194AA74000E63902 /* MK_CLTests.m */,
				C2AC23F8194AA74000E63902 /* Supporting Files */,
			);
			path = "MK&CLTests";
			sourceTree = "<group>";
		};
		C2AC23F8194AA74000E63902 /* Supporting Files */ = {
			isa = PBXGroup;
			children = (
				C2AC23F9194AA74000E63902 /* Info.plist */,
			);
			name = "Supporting Files";
			sourceTree = "<group>";
		};
/* End PBXGroup section */

/* Begin PBXNativeTarget section */
		C2AC23DD194AA74000E63902 /* MK&CL */ = {
			isa = PBXNativeTarget;
			buildConfigurationList = C2AC23FE194AA74000E63902 /* Build configuration list for PBXNativeTarget "MK&CL" */;
			buildPhases = (
				C2AC23DA194AA74000E63902 /* Sources */,
				C2AC23DB194AA74000E63902 /* Frameworks */,
				C2AC23DC194AA74000E63902 /* Resources */,
			);
			buildRules = (
			);
			dependencies = (
			);
			name = "MK&CL";
			productName = "MK&CL";
			productReference = C2AC23DE194AA74000E63902 /* MK&CL.app */;
			productType = "com.apple.product-type.application";
		};
		C2AC23F3194AA74000E63902 /* MK&CLTests */ = {
			isa = PBXNativeTarget;
			buildConfigurationList = C2AC2401194AA74000E63902 /* Build configuration list for PBXNativeTarget "MK&CLTests" */;
			buildPhases = (
				C2AC23F0194AA74000E63902 /* Sources */,
				C2AC23F1194AA74000E63902 /* Frameworks */,
				C2AC23F2194AA74000E63902 /* Resources */,
			);
			buildRules = (
			);
			dependencies = (
				C2AC23F6194AA74000E63902 /* PBXTargetDependency */,
			);
			name = "MK&CLTests";
			productName = "MK&CLTests";
			productReference = C2AC23F4194AA74000E63902 /* MK&CLTests.xctest */;
			productType = "com.apple.product-type.bundle.unit-test";
		};
/* End PBXNativeTarget section */

/* Begin PBXProject section */
		C2AC23D6194AA74000E63902 /* Project object */ = {
			isa = PBXProject;
			attributes = {
				LastUpgradeCheck = 0600;
				ORGANIZATIONNAME = "王霖";
				TargetAttributes = {
					C2AC23DD194AA74000E63902 = {
						CreatedOnToolsVersion = 6.0;
					};
					C2AC23F3194AA74000E63902 = {
						CreatedOnToolsVersion = 6.0;
						TestTargetID = C2AC23DD194AA74000E63902;
					};
				};
			};
			buildConfigurationList = C2AC23D9194AA74000E63902 /* Build configuration list for PBXProject "MK&CL" */;
			compatibilityVersion = "Xcode 3.2";
			developmentRegion = English;
			hasScannedForEncodings = 0;
			knownRegions = (
				en,
				Base,
			);
			mainGroup = C2AC23D5194AA74000E63902;
			productRefGroup = C2AC23DF194AA74000E63902 /* Products */;
			projectDirPath = "";
			projectRoot = "";
			targets = (
				C2AC23DD194AA74000E63902 /* MK&CL */,
				C2AC23F3194AA74000E63902 /* MK&CLTests */,
			);
		};
/* End PBXProject section */

/* Begin PBXResourcesBuildPhase section */
		C2AC23DC194AA74000E63902 /* Resources */ = {
			isa = PBXResourcesBuildPhase;
			buildActionMask = 2147483647;
			files = (
				C2AC23ED194AA74000E63902 /* Main.storyboard in Resources */,
				C2AC23EF194AA74000E63902 /* Images.xcassets in Resources */,
			);
			runOnlyForDeploymentPostprocessing = 0;
		};
		C2AC23F2194AA74000E63902 /* Resources */ = {
			isa = PBXResourcesBuildPhase;
			buildActionMask = 2147483647;
			files = (
			);
			runOnlyForDeploymentPostprocessing = 0;
		};
/* End PBXResourcesBuildPhase section */

/* Begin PBXSourcesBuildPhase section */
		C2AC23DA194AA74000E63902 /* Sources */ = {
			isa = PBXSourcesBuildPhase;
			buildActionMask = 2147483647;
			files = (
				C2AC23EA194AA74000E63902 /* ViewController.m in Sources */,
				C2AC23E7194AA74000E63902 /* AppDelegate.m in Sources */,
				C2AC23E4194AA74000E63902 /* main.m in Sources */,
			);
			runOnlyForDeploymentPostprocessing = 0;
		};
		C2AC23F0194AA74000E63902 /* Sources */ = {
			isa = PBXSourcesBuildPhase;
			buildActionMask = 2147483647;
			files = (
				C2AC23FB194AA74000E63902 /* MK_CLTests.m in Sources */,
			);
			runOnlyForDeploymentPostprocessing = 0;
		};
/* End PBXSourcesBuildPhase section */

/* Begin PBXTargetDependency section */
		C2AC23F6194AA74000E63902 /* PBXTargetDependency */ = {
			isa = PBXTargetDependency;
			target = C2AC23DD194AA74000E63902 /* MK&CL */;
			targetProxy = C2AC23F5194AA74000E63902 /* PBXContainerItemProxy */;
		};
/* End PBXTargetDependency section */

/* Begin PBXVariantGroup section */
		C2AC23EB194AA74000E63902 /* Main.storyboard */ = {
			isa = PBXVariantGroup;
			children = (
				C2AC23EC194AA74000E63902 /* Base */,
			);
			name = Main.storyboard;
			sourceTree = "<group>";
		};
/* End PBXVariantGroup section */

/* Begin XCBuildConfiguration section */
		C2AC23FC194AA74000E63902 /* Debug */ = {
			isa = XCBuildConfiguration;
			buildSettings = {
				ALWAYS_SEARCH_USER_PATHS = NO;
				CLANG_CXX_LANGUAGE_STANDARD = "gnu++0x";
				CLANG_CXX_LIBRARY = "libc++";
				CLANG_ENABLE_MODULES = YES;
				CLANG_ENABLE_OBJC_ARC = YES;
				CLANG_WARN_BOOL_CONVERSION = YES;
				CLANG_WARN_CONSTANT_CONVERSION = YES;
				CLANG_WARN_DIRECT_OBJC_ISA_USAGE = YES_ERROR;
				CLANG_WARN_EMPTY_BODY = YES;
				CLANG_WARN_ENUM_CONVERSION = YES;
				CLANG_WARN_INT_CONVERSION = YES;
				CLANG_WARN_OBJC_ROOT_CLASS = YES_ERROR;
				CLANG_WARN_UNREACHABLE_CODE = YES;
				CLANG_WARN__DUPLICATE_METHOD_MATCH = YES;
				"CODE_SIGN_IDENTITY[sdk=iphoneos*]" = "iPhone Developer";
				COPY_PHASE_STRIP = NO;
				ENABLE_STRICT_OBJC_MSGSEND = YES;
				GCC_C_LANGUAGE_STANDARD = gnu99;
				GCC_DYNAMIC_NO_PIC = NO;
				GCC_OPTIMIZATION_LEVEL = 0;
				GCC_PREPROCESSOR_DEFINITIONS = (
					"DEBUG=1",
					"$(inherited)",
				);
				GCC_SYMBOLS_PRIVATE_EXTERN = NO;
				GCC_WARN_64_TO_32_BIT_CONVERSION = YES;
				GCC_WARN_ABOUT_RETURN_TYPE = YES_ERROR;
				GCC_WARN_UNDECLARED_SELECTOR = YES;
				GCC_WARN_UNINITIALIZED_AUTOS = YES_AGGRESSIVE;
				GCC_WARN_UNUSED_FUNCTION = YES;
				GCC_WARN_UNUSED_VARIABLE = YES;
				IPHONEOS_DEPLOYMENT_TARGET = 8.0;
				METAL_ENABLE_DEBUG_INFO = YES;
				ONLY_ACTIVE_ARCH = YES;
				SDKROOT = iphoneos;
			};
			name = Debug;
		};
		C2AC23FD194AA74000E63902 /* Release */ = {
			isa = XCBuildConfiguration;
			buildSettings = {
				ALWAYS_SEARCH_USER_PATHS = NO;
				CLANG_CXX_LANGUAGE_STANDARD = "gnu++0x";
				CLANG_CXX_LIBRARY = "libc++";
				CLANG_ENABLE_MODULES = YES;
				CLANG_ENABLE_OBJC_ARC = YES;
				CLANG_WARN_BOOL_CONVERSION = YES;
				CLANG_WARN_CONSTANT_CONVERSION = YES;
				CLANG_WARN_DIRECT_OBJC_ISA_USAGE = YES_ERROR;
				CLANG_WARN_EMPTY_BODY = YES;
				CLANG_WARN_ENUM_CONVERSION = YES;
				CLANG_WARN_INT_CONVERSION = YES;
				CLANG_WARN_OBJC_ROOT_CLASS = YES_ERROR;
				CLANG_WARN_UNREACHABLE_CODE = YES;
				CLANG_WARN__DUPLICATE_METHOD_MATCH = YES;
				"CODE_SIGN_IDENTITY[sdk=iphoneos*]" = "iPhone Developer";
				COPY_PHASE_STRIP = YES;
				ENABLE_NS_ASSERTIONS = NO;
				ENABLE_STRICT_OBJC_MSGSEND = YES;
				GCC_C_LANGUAGE_STANDARD = gnu99;
				GCC_WARN_64_TO_32_BIT_CONVERSION = YES;
				GCC_WARN_ABOUT_RETURN_TYPE = YES_ERROR;
				GCC_WARN_UNDECLARED_SELECTOR = YES;
				GCC_WARN_UNINITIALIZED_AUTOS = YES_AGGRESSIVE;
				GCC_WARN_UNUSED_FUNCTION = YES;
				GCC_WARN_UNUSED_VARIABLE = YES;
				IPHONEOS_DEPLOYMENT_TARGET = 8.0;
				METAL_ENABLE_DEBUG_INFO = NO;
				SDKROOT = iphoneos;
				VALIDATE_PRODUCT = YES;
			};
			name = Release;
		};
		C2AC23FF194AA74000E63902 /* Debug */ = {
			isa = XCBuildConfiguration;
			buildSettings = {
				ASSETCATALOG_COMPILER_APPICON_NAME = AppIcon;
				ASSETCATALOG_COMPILER_LAUNCHIMAGE_NAME = LaunchImage;
				INFOPLIST_FILE = "MK&CL/Info.plist";
				LD_RUNPATH_SEARCH_PATHS = "$(inherited) @executable_path/Frameworks";
				PRODUCT_NAME = "$(TARGET_NAME)";
			};
			name = Debug;
		};
		C2AC2400194AA74000E63902 /* Release */ = {
			isa = XCBuildConfiguration;
			buildSettings = {
				ASSETCATALOG_COMPILER_APPICON_NAME = AppIcon;
				ASSETCATALOG_COMPILER_LAUNCHIMAGE_NAME = LaunchImage;
				INFOPLIST_FILE = "MK&CL/Info.plist";
				LD_RUNPATH_SEARCH_PATHS = "$(inherited) @executable_path/Frameworks";
				PRODUCT_NAME = "$(TARGET_NAME)";
			};
			name = Release;
		};
		C2AC2402194AA74000E63902 /* Debug */ = {
			isa = XCBuildConfiguration;
			buildSettings = {
				BUNDLE_LOADER = "$(BUILT_PRODUCTS_DIR)/MK&CL.app/MK&CL";
				FRAMEWORK_SEARCH_PATHS = (
					"$(SDKROOT)/Developer/Library/Frameworks",
					"$(inherited)",
				);
				GCC_PREPROCESSOR_DEFINITIONS = (
					"DEBUG=1",
					"$(inherited)",
				);
				INFOPLIST_FILE = "MK&CLTests/Info.plist";
				LD_RUNPATH_SEARCH_PATHS = "$(inherited) @executable_path/Frameworks @loader_path/Frameworks";
				METAL_ENABLE_DEBUG_INFO = YES;
				PRODUCT_NAME = "$(TARGET_NAME)";
				TEST_HOST = "$(BUNDLE_LOADER)";
			};
			name = Debug;
		};
		C2AC2403194AA74000E63902 /* Release */ = {
			isa = XCBuildConfiguration;
			buildSettings = {
				BUNDLE_LOADER = "$(BUILT_PRODUCTS_DIR)/MK&CL.app/MK&CL";
				FRAMEWORK_SEARCH_PATHS = (
					"$(SDKROOT)/Developer/Library/Frameworks",
					"$(inherited)",
				);
				INFOPLIST_FILE = "MK&CLTests/Info.plist";
				LD_RUNPATH_SEARCH_PATHS = "$(inherited) @executable_path/Frameworks @loader_path/Frameworks";
				METAL_ENABLE_DEBUG_INFO = NO;
				PRODUCT_NAME = "$(TARGET_NAME)";
				TEST_HOST = "$(BUNDLE_LOADER)";
			};
			name = Release;
		};
/* End XCBuildConfiguration section */

/* Begin XCConfigurationList section */
		C2AC23D9194AA74000E63902 /* Build configuration list for PBXProject "MK&CL" */ = {
			isa = XCConfigurationList;
			buildConfigurations = (
				C2AC23FC194AA74000E63902 /* Debug */,
				C2AC23FD194AA74000E63902 /* Release */,
			);
			defaultConfigurationIsVisible = 0;
			defaultConfigurationName = Release;
		};
		C2AC23FE194AA74000E63902 /* Build configuration list for PBXNativeTarget "MK&CL" */ = {
			isa = XCConfigurationList;
			buildConfigurations = (
				C2AC23FF194AA74000E63902 /* Debug */,
				C2AC2400194AA74000E63902 /* Release */,
			);
			defaultConfigurationIsVisible = 0;
		};
		C2AC2401194AA74000E63902 /* Build configuration list for PBXNativeTarget "MK&CLTests" */ = {
			isa = XCConfigurationList;
			buildConfigurations = (
				C2AC2402194AA74000E63902 /* Debug */,
				C2AC2403194AA74000E63902 /* Release */,
			);
			defaultConfigurationIsVisible = 0;
		};
/* End XCConfigurationList section */
	};
	rootObject = C2AC23D6194AA74000E63902 /* Project object */;
}
